// !$*UTF8*$!
{
	archiveVersion = 1;
	classes = {
	};
	objectVersion = 77;
	objects = {

/* Begin PBXBuildFile section */
		6B24CB502D953ED50083CBF9 /* CocktailsAPIPackage in Frameworks */ = {isa = PBXBuildFile; productRef = 6B24CB4F2D953ED50083CBF9 /* CocktailsAPIPackage */; };
/* End PBXBuildFile section */

/* Begin PBXContainerItemProxy section */
		6B09095A2D5328AF007CA1F6 /* PBXContainerItemProxy */ = {
			isa = PBXContainerItemProxy;
			containerPortal = 6B0909412D5328AE007CA1F6 /* Project object */;
			proxyType = 1;
			remoteGlobalIDString = 6B0909482D5328AE007CA1F6;
			remoteInfo = CocktailBookSwiftUIMaster;
		};
		6B0909642D5328B0007CA1F6 /* PBXContainerItemProxy */ = {
			isa = PBXContainerItemProxy;
			containerPortal = 6B0909412D5328AE007CA1F6 /* Project object */;
			proxyType = 1;
			remoteGlobalIDString = 6B0909482D5328AE007CA1F6;
			remoteInfo = CocktailBookSwiftUIMaster;
		};
/* End PBXContainerItemProxy section */

/* Begin PBXFileReference section */
		6B0909492D5328AE007CA1F6 /* CocktailBookSwiftUIMaster.app */ = {isa = PBXFileReference; explicitFileType = wrapper.application; includeInIndex = 0; path = CocktailBookSwiftUIMaster.app; sourceTree = BUILT_PRODUCTS_DIR; };
		6B0909592D5328AF007CA1F6 /* CocktailBookSwiftUIMasterTests.xctest */ = {isa = PBXFileReference; explicitFileType = wrapper.cfbundle; includeInIndex = 0; path = CocktailBookSwiftUIMasterTests.xctest; sourceTree = BUILT_PRODUCTS_DIR; };
		6B0909632D5328B0007CA1F6 /* CocktailBookSwiftUIMasterUITests.xctest */ = {isa = PBXFileReference; explicitFileType = wrapper.cfbundle; includeInIndex = 0; path = CocktailBookSwiftUIMasterUITests.xctest; sourceTree = BUILT_PRODUCTS_DIR; };
/* End PBXFileReference section */

/* Begin PBXFileSystemSynchronizedRootGroup section */
		6B09094B2D5328AE007CA1F6 /* CocktailBookSwiftUIMaster */ = {
			isa = PBXFileSystemSynchronizedRootGroup;
			path = CocktailBookSwiftUIMaster;
			sourceTree = "<group>";
		};
		6B09095C2D5328AF007CA1F6 /* CocktailBookSwiftUIMasterTests */ = {
			isa = PBXFileSystemSynchronizedRootGroup;
			path = CocktailBookSwiftUIMasterTests;
			sourceTree = "<group>";
		};
		6B0909662D5328B0007CA1F6 /* CocktailBookSwiftUIMasterUITests */ = {
			isa = PBXFileSystemSynchronizedRootGroup;
			path = CocktailBookSwiftUIMasterUITests;
			sourceTree = "<group>";
		};
/* End PBXFileSystemSynchronizedRootGroup section */

/* Begin PBXFrameworksBuildPhase section */
		6B0909462D5328AE007CA1F6 /* Frameworks */ = {
			isa = PBXFrameworksBuildPhase;
			buildActionMask = 2147483647;
			files = (
				6B24CB502D953ED50083CBF9 /* CocktailsAPIPackage in Frameworks */,
			);
			runOnlyForDeploymentPostprocessing = 0;
		};
		6B0909562D5328AF007CA1F6 /* Frameworks */ = {
			isa = PBXFrameworksBuildPhase;
			buildActionMask = 2147483647;
			files = (
			);
			runOnlyForDeploymentPostprocessing = 0;
		};
		6B0909602D5328B0007CA1F6 /* Frameworks */ = {
			isa = PBXFrameworksBuildPhase;
			buildActionMask = 2147483647;
			files = (
			);
			runOnlyForDeploymentPostprocessing = 0;
		};
/* End PBXFrameworksBuildPhase section */

/* Begin PBXGroup section */
		6B0909402D5328AE007CA1F6 = {
			isa = PBXGroup;
			children = (
				6B09094B2D5328AE007CA1F6 /* CocktailBookSwiftUIMaster */,
				6B09095C2D5328AF007CA1F6 /* CocktailBookSwiftUIMasterTests */,
				6B0909662D5328B0007CA1F6 /* CocktailBookSwiftUIMasterUITests */,
				6B0909942D532A56007CA1F6 /* Frameworks */,
				6B09094A2D5328AE007CA1F6 /* Products */,
			);
			sourceTree = "<group>";
		};
		6B09094A2D5328AE007CA1F6 /* Products */ = {
			isa = PBXGroup;
			children = (
				6B0909492D5328AE007CA1F6 /* CocktailBookSwiftUIMaster.app */,
				6B0909592D5328AF007CA1F6 /* CocktailBookSwiftUIMasterTests.xctest */,
				6B0909632D5328B0007CA1F6 /* CocktailBookSwiftUIMasterUITests.xctest */,
			);
			name = Products;
			sourceTree = "<group>";
		};
		6B0909942D532A56007CA1F6 /* Frameworks */ = {
			isa = PBXGroup;
			children = (
			);
			name = Frameworks;
			sourceTree = "<group>";
		};
/* End PBXGroup section */

/* Begin PBXNativeTarget section */
		6B0909482D5328AE007CA1F6 /* CocktailBookSwiftUIMaster */ = {
			isa = PBXNativeTarget;
			buildConfigurationList = 6B09096D2D5328B0007CA1F6 /* Build configuration list for PBXNativeTarget "CocktailBookSwiftUIMaster" */;
			buildPhases = (
				6B0909452D5328AE007CA1F6 /* Sources */,
				6B0909462D5328AE007CA1F6 /* Frameworks */,
				6B0909472D5328AE007CA1F6 /* Resources */,
			);
			buildRules = (
			);
			dependencies = (
			);
			fileSystemSynchronizedGroups = (
				6B09094B2D5328AE007CA1F6 /* CocktailBookSwiftUIMaster */,
			);
			name = CocktailBookSwiftUIMaster;
			packageProductDependencies = (
				6B24CB4F2D953ED50083CBF9 /* CocktailsAPIPackage */,
			);
			productName = CocktailBookSwiftUIMaster;
			productReference = 6B0909492D5328AE007CA1F6 /* CocktailBookSwiftUIMaster.app */;
			productType = "com.apple.product-type.application";
		};
		6B0909582D5328AF007CA1F6 /* CocktailBookSwiftUIMasterTests */ = {
			isa = PBXNativeTarget;
			buildConfigurationList = 6B0909702D5328B0007CA1F6 /* Build configuration list for PBXNativeTarget "CocktailBookSwiftUIMasterTests" */;
			buildPhases = (
				6B0909552D5328AF007CA1F6 /* Sources */,
				6B0909562D5328AF007CA1F6 /* Frameworks */,
				6B0909572D5328AF007CA1F6 /* Resources */,
			);
			buildRules = (
			);
			dependencies = (
				6B09095B2D5328AF007CA1F6 /* PBXTargetDependency */,
			);
			fileSystemSynchronizedGroups = (
				6B09095C2D5328AF007CA1F6 /* CocktailBookSwiftUIMasterTests */,
			);
			name = CocktailBookSwiftUIMasterTests;
			packageProductDependencies = (
			);
			productName = CocktailBookSwiftUIMasterTests;
			productReference = 6B0909592D5328AF007CA1F6 /* CocktailBookSwiftUIMasterTests.xctest */;
			productType = "com.apple.product-type.bundle.unit-test";
		};
		6B0909622D5328B0007CA1F6 /* CocktailBookSwiftUIMasterUITests */ = {
			isa = PBXNativeTarget;
			buildConfigurationList = 6B0909732D5328B0007CA1F6 /* Build configuration list for PBXNativeTarget "CocktailBookSwiftUIMasterUITests" */;
			buildPhases = (
				6B09095F2D5328B0007CA1F6 /* Sources */,
				6B0909602D5328B0007CA1F6 /* Frameworks */,
				6B0909612D5328B0007CA1F6 /* Resources */,
			);
			buildRules = (
			);
			dependencies = (
				6B0909652D5328B0007CA1F6 /* PBXTargetDependency */,
			);
			fileSystemSynchronizedGroups = (
				6B0909662D5328B0007CA1F6 /* CocktailBookSwiftUIMasterUITests */,
			);
			name = CocktailBookSwiftUIMasterUITests;
			packageProductDependencies = (
			);
			productName = CocktailBookSwiftUIMasterUITests;
			productReference = 6B0909632D5328B0007CA1F6 /* CocktailBookSwiftUIMasterUITests.xctest */;
			productType = "com.apple.product-type.bundle.ui-testing";
		};
/* End PBXNativeTarget section */

/* Begin PBXProject section */
		6B0909412D5328AE007CA1F6 /* Project object */ = {
			isa = PBXProject;
			attributes = {
				BuildIndependentTargetsInParallel = 1;
				LastSwiftUpdateCheck = 1620;
				LastUpgradeCheck = 1620;
				TargetAttributes = {
					6B0909482D5328AE007CA1F6 = {
						CreatedOnToolsVersion = 16.2;
					};
					6B0909582D5328AF007CA1F6 = {
						CreatedOnToolsVersion = 16.2;
						TestTargetID = 6B0909482D5328AE007CA1F6;
					};
					6B0909622D5328B0007CA1F6 = {
						CreatedOnToolsVersion = 16.2;
						TestTargetID = 6B0909482D5328AE007CA1F6;
					};
				};
			};
			buildConfigurationList = 6B0909442D5328AE007CA1F6 /* Build configuration list for PBXProject "CocktailBookSwiftUIMaster" */;
			developmentRegion = en;
			hasScannedForEncodings = 0;
			knownRegions = (
				en,
				Base,
			);
			mainGroup = 6B0909402D5328AE007CA1F6;
			minimizedProjectReferenceProxies = 1;
			packageReferences = (
				6B24CB532D9553CB0083CBF9 /* XCLocalSwiftPackageReference "../Package/CocktailsAPIPackage" */,
			);
			preferredProjectObjectVersion = 77;
			productRefGroup = 6B09094A2D5328AE007CA1F6 /* Products */;
			projectDirPath = "";
			projectRoot = "";
			targets = (
				6B0909482D5328AE007CA1F6 /* CocktailBookSwiftUIMaster */,
				6B0909582D5328AF007CA1F6 /* CocktailBookSwiftUIMasterTests */,
				6B0909622D5328B0007CA1F6 /* CocktailBookSwiftUIMasterUITests */,
			);
		};
/* End PBXProject section */

/* Begin PBXResourcesBuildPhase section */
		6B0909472D5328AE007CA1F6 /* Resources */ = {
			isa = PBXResourcesBuildPhase;
			buildActionMask = 2147483647;
			files = (
			);
			runOnlyForDeploymentPostprocessing = 0;
		};
		6B0909572D5328AF007CA1F6 /* Resources */ = {
			isa = PBXResourcesBuildPhase;
			buildActionMask = 2147483647;
			files = (
			);
			runOnlyForDeploymentPostprocessing = 0;
		};
		6B0909612D5328B0007CA1F6 /* Resources */ = {
			isa = PBXResourcesBuildPhase;
			buildActionMask = 2147483647;
			files = (
			);
			runOnlyForDeploymentPostprocessing = 0;
		};
/* End PBXResourcesBuildPhase section */

/* Begin PBXSourcesBuildPhase section */
		6B0909452D5328AE007CA1F6 /* Sources */ = {
			isa = PBXSourcesBuildPhase;
			buildActionMask = 2147483647;
			files = (
			);
			runOnlyForDeploymentPostprocessing = 0;
		};
		6B0909552D5328AF007CA1F6 /* Sources */ = {
			isa = PBXSourcesBuildPhase;
			buildActionMask = 2147483647;
			files = (
			);
			runOnlyForDeploymentPostprocessing = 0;
		};
		6B09095F2D5328B0007CA1F6 /* Sources */ = {
			isa = PBXSourcesBuildPhase;
			buildActionMask = 2147483647;
			files = (
			);
			runOnlyForDeploymentPostprocessing = 0;
		};
/* End PBXSourcesBuildPhase section */

/* Begin PBXTargetDependency section */
		6B09095B2D5328AF007CA1F6 /* PBXTargetDependency */ = {
			isa = PBXTargetDependency;
			target = 6B0909482D5328AE007CA1F6 /* CocktailBookSwiftUIMaster */;
			targetProxy = 6B09095A2D5328AF007CA1F6 /* PBXContainerItemProxy */;
		};
		6B0909652D5328B0007CA1F6 /* PBXTargetDependency */ = {
			isa = PBXTargetDependency;
			target = 6B0909482D5328AE007CA1F6 /* CocktailBookSwiftUIMaster */;
			targetProxy = 6B0909642D5328B0007CA1F6 /* PBXContainerItemProxy */;
		};
/* End PBXTargetDependency section */

/* Begin XCBuildConfiguration section */
		6B09096B2D5328B0007CA1F6 /* Debug */ = {
			isa = XCBuildConfiguration;
			buildSettings = {
				ALWAYS_SEARCH_USER_PATHS = NO;
				ASSETCATALOG_COMPILER_GENERATE_SWIFT_ASSET_SYMBOL_EXTENSIONS = YES;
				CLANG_ANALYZER_NONNULL = YES;
				CLANG_ANALYZER_NUMBER_OBJECT_CONVERSION = YES_AGGRESSIVE;
				CLANG_CXX_LANGUAGE_STANDARD = "gnu++20";
				CLANG_ENABLE_MODULES = YES;
				CLANG_ENABLE_OBJC_ARC = YES;
				CLANG_ENABLE_OBJC_WEAK = YES;
				CLANG_WARN_BLOCK_CAPTURE_AUTORELEASING = YES;
				CLANG_WARN_BOOL_CONVERSION = YES;
				CLANG_WARN_COMMA = YES;
				CLANG_WARN_CONSTANT_CONVERSION = YES;
				CLANG_WARN_DEPRECATED_OBJC_IMPLEMENTATIONS = YES;
				CLANG_WARN_DIRECT_OBJC_ISA_USAGE = YES_ERROR;
				CLANG_WARN_DOCUMENTATION_COMMENTS = YES;
				CLANG_WARN_EMPTY_BODY = YES;
				CLANG_WARN_ENUM_CONVERSION = YES;
				CLANG_WARN_INFINITE_RECURSION = YES;
				CLANG_WARN_INT_CONVERSION = YES;
				CLANG_WARN_NON_LITERAL_NULL_CONVERSION = YES;
				CLANG_WARN_OBJC_IMPLICIT_RETAIN_SELF = YES;
				CLANG_WARN_OBJC_LITERAL_CONVERSION = YES;
				CLANG_WARN_OBJC_ROOT_CLASS = YES_ERROR;
				CLANG_WARN_QUOTED_INCLUDE_IN_FRAMEWORK_HEADER = YES;
				CLANG_WARN_RANGE_LOOP_ANALYSIS = YES;
				CLANG_WARN_STRICT_PROTOTYPES = YES;
				CLANG_WARN_SUSPICIOUS_MOVE = YES;
				CLANG_WARN_UNGUARDED_AVAILABILITY = YES_AGGRESSIVE;
				CLANG_WARN_UNREACHABLE_CODE = YES;
				CLANG_WARN__DUPLICATE_METHOD_MATCH = YES;
				COPY_PHASE_STRIP = NO;
				DEBUG_INFORMATION_FORMAT = dwarf;
				ENABLE_STRICT_OBJC_MSGSEND = YES;
				ENABLE_TESTABILITY = YES;
				ENABLE_USER_SCRIPT_SANDBOXING = YES;
				GCC_C_LANGUAGE_STANDARD = gnu17;
				GCC_DYNAMIC_NO_PIC = NO;
				GCC_NO_COMMON_BLOCKS = YES;
				GCC_OPTIMIZATION_LEVEL = 0;
				GCC_PREPROCESSOR_DEFINITIONS = (
					"DEBUG=1",
					"$(inherited)",
				);
				GCC_WARN_64_TO_32_BIT_CONVERSION = YES;
				GCC_WARN_ABOUT_RETURN_TYPE = YES_ERROR;
				GCC_WARN_UNDECLARED_SELECTOR = YES;
				GCC_WARN_UNINITIALIZED_AUTOS = YES_AGGRESSIVE;
				GCC_WARN_UNUSED_FUNCTION = YES;
				GCC_WARN_UNUSED_VARIABLE = YES;
				IPHONEOS_DEPLOYMENT_TARGET = 18.2;
				LOCALIZATION_PREFERS_STRING_CATALOGS = YES;
				MTL_ENABLE_DEBUG_INFO = INCLUDE_SOURCE;
				MTL_FAST_MATH = YES;
				ONLY_ACTIVE_ARCH = YES;
				SDKROOT = iphoneos;
				SWIFT_ACTIVE_COMPILATION_CONDITIONS = "DEBUG $(inherited)";
				SWIFT_OPTIMIZATION_LEVEL = "-Onone";
			};
			name = Debug;
		};
		6B09096C2D5328B0007CA1F6 /* Release */ = {
			isa = XCBuildConfiguration;
			buildSettings = {
				ALWAYS_SEARCH_USER_PATHS = NO;
				ASSETCATALOG_COMPILER_GENERATE_SWIFT_ASSET_SYMBOL_EXTENSIONS = YES;
				CLANG_ANALYZER_NONNULL = YES;
				CLANG_ANALYZER_NUMBER_OBJECT_CONVERSION = YES_AGGRESSIVE;
				CLANG_CXX_LANGUAGE_STANDARD = "gnu++20";
				CLANG_ENABLE_MODULES = YES;
				CLANG_ENABLE_OBJC_ARC = YES;
				CLANG_ENABLE_OBJC_WEAK = YES;
				CLANG_WARN_BLOCK_CAPTURE_AUTORELEASING = YES;
				CLANG_WARN_BOOL_CONVERSION = YES;
				CLANG_WARN_COMMA = YES;
				CLANG_WARN_CONSTANT_CONVERSION = YES;
				CLANG_WARN_DEPRECATED_OBJC_IMPLEMENTATIONS = YES;
				CLANG_WARN_DIRECT_OBJC_ISA_USAGE = YES_ERROR;
				CLANG_WARN_DOCUMENTATION_COMMENTS = YES;
				CLANG_WARN_EMPTY_BODY = YES;
				CLANG_WARN_ENUM_CONVERSION = YES;
				CLANG_WARN_INFINITE_RECURSION = YES;
				CLANG_WARN_INT_CONVERSION = YES;
				CLANG_WARN_NON_LITERAL_NULL_CONVERSION = YES;
				CLANG_WARN_OBJC_IMPLICIT_RETAIN_SELF = YES;
				CLANG_WARN_OBJC_LITERAL_CONVERSION = YES;
				CLANG_WARN_OBJC_ROOT_CLASS = YES_ERROR;
				CLANG_WARN_QUOTED_INCLUDE_IN_FRAMEWORK_HEADER = YES;
				CLANG_WARN_RANGE_LOOP_ANALYSIS = YES;
				CLANG_WARN_STRICT_PROTOTYPES = YES;
				CLANG_WARN_SUSPICIOUS_MOVE = YES;
				CLANG_WARN_UNGUARDED_AVAILABILITY = YES_AGGRESSIVE;
				CLANG_WARN_UNREACHABLE_CODE = YES;
				CLANG_WARN__DUPLICATE_METHOD_MATCH = YES;
				COPY_PHASE_STRIP = NO;
				DEBUG_INFORMATION_FORMAT = "dwarf-with-dsym";
				ENABLE_NS_ASSERTIONS = NO;
				ENABLE_STRICT_OBJC_MSGSEND = YES;
				ENABLE_USER_SCRIPT_SANDBOXING = YES;
				GCC_C_LANGUAGE_STANDARD = gnu17;
				GCC_NO_COMMON_BLOCKS = YES;
				GCC_WARN_64_TO_32_BIT_CONVERSION = YES;
				GCC_WARN_ABOUT_RETURN_TYPE = YES_ERROR;
				GCC_WARN_UNDECLARED_SELECTOR = YES;
				GCC_WARN_UNINITIALIZED_AUTOS = YES_AGGRESSIVE;
				GCC_WARN_UNUSED_FUNCTION = YES;
				GCC_WARN_UNUSED_VARIABLE = YES;
				IPHONEOS_DEPLOYMENT_TARGET = 18.2;
				LOCALIZATION_PREFERS_STRING_CATALOGS = YES;
				MTL_ENABLE_DEBUG_INFO = NO;
				MTL_FAST_MATH = YES;
				SDKROOT = iphoneos;
				SWIFT_COMPILATION_MODE = wholemodule;
				VALIDATE_PRODUCT = YES;
			};
			name = Release;
		};
		6B09096E2D5328B0007CA1F6 /* Debug */ = {
			isa = XCBuildConfiguration;
			buildSettings = {
				ASSETCATALOG_COMPILER_APPICON_NAME = AppIcon;
				ASSETCATALOG_COMPILER_GLOBAL_ACCENT_COLOR_NAME = AccentColor;
				CODE_SIGN_STYLE = Automatic;
				CURRENT_PROJECT_VERSION = 1;
				DEVELOPMENT_ASSET_PATHS = "\"CocktailBookSwiftUIMaster/Preview Content\"";
				DEVELOPMENT_TEAM = 4XZM69MNXY;
				ENABLE_PREVIEWS = YES;
				GENERATE_INFOPLIST_FILE = YES;
				INFOPLIST_KEY_UIApplicationSceneManifest_Generation = YES;
				INFOPLIST_KEY_UIApplicationSupportsIndirectInputEvents = YES;
				INFOPLIST_KEY_UILaunchScreen_Generation = YES;
				INFOPLIST_KEY_UISupportedInterfaceOrientations_iPad = "UIInterfaceOrientationPortrait UIInterfaceOrientationPortraitUpsideDown UIInterfaceOrientationLandscapeLeft UIInterfaceOrientationLandscapeRight";
				INFOPLIST_KEY_UISupportedInterfaceOrientations_iPhone = "UIInterfaceOrientationPortrait UIInterfaceOrientationLandscapeLeft UIInterfaceOrientationLandscapeRight";
				IPHONEOS_DEPLOYMENT_TARGET = 18.2;
				LD_RUNPATH_SEARCH_PATHS = (
					"$(inherited)",
					"@executable_path/Frameworks",
				);
				LIBRARY_SEARCH_PATHS = (
					"$(inherited)",
					"$(PROJECT_DIR)/CocktailsAPIStaticLib",
				);
				MARKETING_VERSION = 1.0;
				PRODUCT_BUNDLE_IDENTIFIER = com.movoto.CocktailBookSwiftUIMaster;
				PRODUCT_NAME = "$(TARGET_NAME)";
				SWIFT_EMIT_LOC_STRINGS = YES;
				SWIFT_INCLUDE_PATHS = "$(PROJECT_DIR)/CocktailsAPIStaticLib";
				SWIFT_VERSION = 5.0;
				TARGETED_DEVICE_FAMILY = "1,2";
			};
			name = Debug;
		};
		6B09096F2D5328B0007CA1F6 /* Release */ = {
			isa = XCBuildConfiguration;
			buildSettings = {
				ASSETCATALOG_COMPILER_APPICON_NAME = AppIcon;
				ASSETCATALOG_COMPILER_GLOBAL_ACCENT_COLOR_NAME = AccentColor;
				CODE_SIGN_STYLE = Automatic;
				CURRENT_PROJECT_VERSION = 1;
				DEVELOPMENT_ASSET_PATHS = "\"CocktailBookSwiftUIMaster/Preview Content\"";
				DEVELOPMENT_TEAM = 4XZM69MNXY;
				ENABLE_PREVIEWS = YES;
				GENERATE_INFOPLIST_FILE = YES;
				INFOPLIST_KEY_UIApplicationSceneManifest_Generation = YES;
				INFOPLIST_KEY_UIApplicationSupportsIndirectInputEvents = YES;
				INFOPLIST_KEY_UILaunchScreen_Generation = YES;
				INFOPLIST_KEY_UISupportedInterfaceOrientations_iPad = "UIInterfaceOrientationPortrait UIInterfaceOrientationPortraitUpsideDown UIInterfaceOrientationLandscapeLeft UIInterfaceOrientationLandscapeRight";
				INFOPLIST_KEY_UISupportedInterfaceOrientations_iPhone = "UIInterfaceOrientationPortrait UIInterfaceOrientationLandscapeLeft UIInterfaceOrientationLandscapeRight";
				IPHONEOS_DEPLOYMENT_TARGET = 18.2;
				LD_RUNPATH_SEARCH_PATHS = (
					"$(inherited)",
					"@executable_path/Frameworks",
				);
				LIBRARY_SEARCH_PATHS = (
					"$(inherited)",
					"$(PROJECT_DIR)/CocktailsAPIStaticLib",
				);
				MARKETING_VERSION = 1.0;
				PRODUCT_BUNDLE_IDENTIFIER = com.movoto.CocktailBookSwiftUIMaster;
				PRODUCT_NAME = "$(TARGET_NAME)";
				SWIFT_EMIT_LOC_STRINGS = YES;
				SWIFT_INCLUDE_PATHS = "$(PROJECT_DIR)/CocktailsAPIStaticLib";
				SWIFT_VERSION = 5.0;
				TARGETED_DEVICE_FAMILY = "1,2";
			};
			name = Release;
		};
		6B0909712D5328B0007CA1F6 /* Debug */ = {
			isa = XCBuildConfiguration;
			buildSettings = {
				BUNDLE_LOADER = "$(TEST_HOST)";
				CODE_SIGN_STYLE = Automatic;
				CURRENT_PROJECT_VERSION = 1;
				DEVELOPMENT_TEAM = 4XZM69MNXY;
				GENERATE_INFOPLIST_FILE = YES;
				IPHONEOS_DEPLOYMENT_TARGET = 18.2;
				LIBRARY_SEARCH_PATHS = (
					"$(inherited)",
					"$(PROJECT_DIR)/CocktailsAPIStaticLib",
				);
				MARKETING_VERSION = 1.0;
				PRODUCT_BUNDLE_IDENTIFIER = com.movoto.CocktailBookSwiftUIMasterTests;
				PRODUCT_NAME = "$(TARGET_NAME)";
				SWIFT_EMIT_LOC_STRINGS = NO;
				SWIFT_INCLUDE_PATHS = "$(PROJECT_DIR)/CocktailsAPIStaticLib";
				SWIFT_VERSION = 5.0;
				TARGETED_DEVICE_FAMILY = "1,2";
				TEST_HOST = "$(BUILT_PRODUCTS_DIR)/CocktailBookSwiftUIMaster.app/$(BUNDLE_EXECUTABLE_FOLDER_PATH)/CocktailBookSwiftUIMaster";
			};
			name = Debug;
		};
		6B0909722D5328B0007CA1F6 /* Release */ = {
			isa = XCBuildConfiguration;
			buildSettings = {
				BUNDLE_LOADER = "$(TEST_HOST)";
				CODE_SIGN_STYLE = Automatic;
				CURRENT_PROJECT_VERSION = 1;
				DEVELOPMENT_TEAM = 4XZM69MNXY;
				GENERATE_INFOPLIST_FILE = YES;
				IPHONEOS_DEPLOYMENT_TARGET = 18.2;
				LIBRARY_SEARCH_PATHS = (
					"$(inherited)",
					"$(PROJECT_DIR)/CocktailsAPIStaticLib",
				);
				MARKETING_VERSION = 1.0;
				PRODUCT_BUNDLE_IDENTIFIER = com.movoto.CocktailBookSwiftUIMasterTests;
				PRODUCT_NAME = "$(TARGET_NAME)";
				SWIFT_EMIT_LOC_STRINGS = NO;
				SWIFT_INCLUDE_PATHS = "$(PROJECT_DIR)/CocktailsAPIStaticLib";
				SWIFT_VERSION = 5.0;
				TARGETED_DEVICE_FAMILY = "1,2";
				TEST_HOST = "$(BUILT_PRODUCTS_DIR)/CocktailBookSwiftUIMaster.app/$(BUNDLE_EXECUTABLE_FOLDER_PATH)/CocktailBookSwiftUIMaster";
			};
			name = Release;
		};
		6B0909742D5328B0007CA1F6 /* Debug */ = {
			isa = XCBuildConfiguration;
			buildSettings = {
				CODE_SIGN_STYLE = Automatic;
				CURRENT_PROJECT_VERSION = 1;
				DEVELOPMENT_TEAM = 4XZM69MNXY;
				GENERATE_INFOPLIST_FILE = YES;
				MARKETING_VERSION = 1.0;
				PRODUCT_BUNDLE_IDENTIFIER = com.movoto.CocktailBookSwiftUIMasterUITests;
				PRODUCT_NAME = "$(TARGET_NAME)";
				SWIFT_EMIT_LOC_STRINGS = NO;
				SWIFT_VERSION = 5.0;
				TARGETED_DEVICE_FAMILY = "1,2";
				TEST_TARGET_NAME = CocktailBookSwiftUIMaster;
			};
			name = Debug;
		};
		6B0909752D5328B0007CA1F6 /* Release */ = {
			isa = XCBuildConfiguration;
			buildSettings = {
				CODE_SIGN_STYLE = Automatic;
				CURRENT_PROJECT_VERSION = 1;
				DEVELOPMENT_TEAM = 4XZM69MNXY;
				GENERATE_INFOPLIST_FILE = YES;
				MARKETING_VERSION = 1.0;
				PRODUCT_BUNDLE_IDENTIFIER = com.movoto.CocktailBookSwiftUIMasterUITests;
				PRODUCT_NAME = "$(TARGET_NAME)";
				SWIFT_EMIT_LOC_STRINGS = NO;
				SWIFT_VERSION = 5.0;
				TARGETED_DEVICE_FAMILY = "1,2";
				TEST_TARGET_NAME = CocktailBookSwiftUIMaster;
			};
			name = Release;
		};
/* End XCBuildConfiguration section */

/* Begin XCConfigurationList section */
		6B0909442D5328AE007CA1F6 /* Build configuration list for PBXProject "CocktailBookSwiftUIMaster" */ = {
			isa = XCConfigurationList;
			buildConfigurations = (
				6B09096B2D5328B0007CA1F6 /* Debug */,
				6B09096C2D5328B0007CA1F6 /* Release */,
			);
			defaultConfigurationIsVisible = 0;
			defaultConfigurationName = Release;
		};
		6B09096D2D5328B0007CA1F6 /* Build configuration list for PBXNativeTarget "CocktailBookSwiftUIMaster" */ = {
			isa = XCConfigurationList;
			buildConfigurations = (
				6B09096E2D5328B0007CA1F6 /* Debug */,
				6B09096F2D5328B0007CA1F6 /* Release */,
			);
			defaultConfigurationIsVisible = 0;
			defaultConfigurationName = Release;
		};
		6B0909702D5328B0007CA1F6 /* Build configuration list for PBXNativeTarget "CocktailBookSwiftUIMasterTests" */ = {
			isa = XCConfigurationList;
			buildConfigurations = (
				6B0909712D5328B0007CA1F6 /* Debug */,
				6B0909722D5328B0007CA1F6 /* Release */,
			);
			defaultConfigurationIsVisible = 0;
			defaultConfigurationName = Release;
		};
		6B0909732D5328B0007CA1F6 /* Build configuration list for PBXNativeTarget "CocktailBookSwiftUIMasterUITests" */ = {
			isa = XCConfigurationList;
			buildConfigurations = (
				6B0909742D5328B0007CA1F6 /* Debug */,
				6B0909752D5328B0007CA1F6 /* Release */,
			);
			defaultConfigurationIsVisible = 0;
			defaultConfigurationName = Release;
		};
/* End XCConfigurationList section */

/* Begin XCLocalSwiftPackageReference section */
		6B24CB532D9553CB0083CBF9 /* XCLocalSwiftPackageReference "../Package/CocktailsAPIPackage" */ = {
			isa = XCLocalSwiftPackageReference;
			relativePath = ../Package/CocktailsAPIPackage;
		};
/* End XCLocalSwiftPackageReference section */

/* Begin XCSwiftPackageProductDependency section */
		6B24CB4F2D953ED50083CBF9 /* CocktailsAPIPackage */ = {
			isa = XCSwiftPackageProductDependency;
			productName = CocktailsAPIPackage;
		};
/* End XCSwiftPackageProductDependency section */
	};
	rootObject = 6B0909412D5328AE007CA1F6 /* Project object */;
}
